
Microsoft Visual Studio Solution File, Format Version 12.00
# Visual Studio Version 16
VisualStudioVersion = 16.0.30413.136
MinimumVisualStudioVersion = 10.0.40219.1
Project("{FAE04EC0-301F-11D3-BF4B-00C04F79EFBC}") = "final-dotnet-react", "final-dotnet-react.csproj", "{13D34904-9756-49C4-9BAB-A4C271B12F4A}"
EndProject
Global
	GlobalSection(SolutionConfigurationPlatforms) = preSolution
		Debug|Any CPU = Debug|Any CPU
		Release|Any CPU = Release|Any CPU
	EndGlobalSection
	GlobalSection(ProjectConfigurationPlatforms) = postSolution
		{13D34904-9756-49C4-9BAB-A4C271B12F4A}.Debug|Any CPU.ActiveCfg = Debug|Any CPU
		{13D34904-9756-49C4-9BAB-A4C271B12F4A}.Debug|Any CPU.Build.0 = Debug|Any CPU
		{13D34904-9756-49C4-9BAB-A4C271B12F4A}.Release|Any CPU.ActiveCfg = Release|Any CPU
		{13D34904-9756-49C4-9BAB-A4C271B12F4A}.Release|Any CPU.Build.0 = Release|Any CPU
	EndGlobalSection
	GlobalSection(SolutionProperties) = preSolution
		HideSolutionNode = FALSE
	EndGlobalSection
	GlobalSection(ExtensibilityGlobals) = postSolution
		SolutionGuid = {7F81DADD-8FD7-44AC-8EE4-A1DF60DF639F}
	EndGlobalSection
EndGlobal
